
Microsoft Visual Studio Solution File, Format Version 12.00
# Visual Studio Version 17
VisualStudioVersion = 17.2.32526.322
MinimumVisualStudioVersion = 10.0.40219.1
Project("{2150E333-8FDC-42A3-9474-1A3956D46DE8}") = "src", "src", "{65A0C03D-0E76-46FD-AC06-D031D7271DCB}"
EndProject
Project("{9A19103F-16F7-4668-BE54-9A1E7A4F7556}") = "Domain", "src\Libraries\Domain\Domain.csproj", "{0D118269-E02C-4B18-BFF8-CBDA0D1FF3CD}"
EndProject
Project("{2150E333-8FDC-42A3-9474-1A3956D46DE8}") = "tests", "tests", "{768E65F1-85E8-4AAD-AEBA-EB43B978F555}"
EndProject
Project("{9A19103F-16F7-4668-BE54-9A1E7A4F7556}") = "Application", "src\Libraries\Application\Application.csproj", "{F22D30CA-F989-4235-9ED2-3DE4D86D38EB}"
EndProject
Project("{2150E333-8FDC-42A3-9474-1A3956D46DE8}") = "Presentations", "Presentations", "{1657E8FF-8204-41A8-B43F-5FA4E518FA1B}"
EndProject
Project("{9A19103F-16F7-4668-BE54-9A1E7A4F7556}") = "Infrastructure", "src\Libraries\Infrastructure\Infrastructure.csproj", "{519DB740-4628-4817-A590-FC6904C70DE3}"
EndProject
Project("{2150E333-8FDC-42A3-9474-1A3956D46DE8}") = "Libraries", "Libraries", "{80E4B311-731D-4B09-B0AF-2B0C48E7442F}"
EndProject
Project("{9A19103F-16F7-4668-BE54-9A1E7A4F7556}") = "TechonitAllTests", "tests\TechonitAllTests\TechonitAllTests.csproj", "{79C6D3BA-89FD-4FAF-AA35-5F77FBF9C0B8}"
EndProject
Project("{9A19103F-16F7-4668-BE54-9A1E7A4F7556}") = "Desk.Web", "src\Presentations\Desk.WebUI\Desk.Web.csproj", "{D8957858-EA28-4299-AD34-84A528E1BD83}"
EndProject
Project("{9A19103F-16F7-4668-BE54-9A1E7A4F7556}") = "Admin.Web", "src\Presentations\Admin.WebUI\Admin.Web.csproj", "{FDB590D6-F158-461E-9D18-42884CB8F74B}"
EndProject
Project("{9A19103F-16F7-4668-BE54-9A1E7A4F7556}") = "Frameworks", "src\Presentations\Frameworks\Frameworks.csproj", "{6A99B4C3-B621-4826-9823-01656BB2B855}"
EndProject
Global
	GlobalSection(SolutionConfigurationPlatforms) = preSolution
		Debug|Any CPU = Debug|Any CPU
		Release|Any CPU = Release|Any CPU
	EndGlobalSection
	GlobalSection(ProjectConfigurationPlatforms) = postSolution
		{0D118269-E02C-4B18-BFF8-CBDA0D1FF3CD}.Debug|Any CPU.ActiveCfg = Debug|Any CPU
		{0D118269-E02C-4B18-BFF8-CBDA0D1FF3CD}.Debug|Any CPU.Build.0 = Debug|Any CPU
		{0D118269-E02C-4B18-BFF8-CBDA0D1FF3CD}.Release|Any CPU.ActiveCfg = Release|Any CPU
		{0D118269-E02C-4B18-BFF8-CBDA0D1FF3CD}.Release|Any CPU.Build.0 = Release|Any CPU
		{F22D30CA-F989-4235-9ED2-3DE4D86D38EB}.Debug|Any CPU.ActiveCfg = Debug|Any CPU
		{F22D30CA-F989-4235-9ED2-3DE4D86D38EB}.Debug|Any CPU.Build.0 = Debug|Any CPU
		{F22D30CA-F989-4235-9ED2-3DE4D86D38EB}.Release|Any CPU.ActiveCfg = Release|Any CPU
		{F22D30CA-F989-4235-9ED2-3DE4D86D38EB}.Release|Any CPU.Build.0 = Release|Any CPU
		{519DB740-4628-4817-A590-FC6904C70DE3}.Debug|Any CPU.ActiveCfg = Debug|Any CPU
		{519DB740-4628-4817-A590-FC6904C70DE3}.Debug|Any CPU.Build.0 = Debug|Any CPU
		{519DB740-4628-4817-A590-FC6904C70DE3}.Release|Any CPU.ActiveCfg = Release|Any CPU
		{519DB740-4628-4817-A590-FC6904C70DE3}.Release|Any CPU.Build.0 = Release|Any CPU
		{79C6D3BA-89FD-4FAF-AA35-5F77FBF9C0B8}.Debug|Any CPU.ActiveCfg = Debug|Any CPU
		{79C6D3BA-89FD-4FAF-AA35-5F77FBF9C0B8}.Debug|Any CPU.Build.0 = Debug|Any CPU
		{79C6D3BA-89FD-4FAF-AA35-5F77FBF9C0B8}.Release|Any CPU.ActiveCfg = Release|Any CPU
		{79C6D3BA-89FD-4FAF-AA35-5F77FBF9C0B8}.Release|Any CPU.Build.0 = Release|Any CPU
		{D8957858-EA28-4299-AD34-84A528E1BD83}.Debug|Any CPU.ActiveCfg = Debug|Any CPU
		{D8957858-EA28-4299-AD34-84A528E1BD83}.Debug|Any CPU.Build.0 = Debug|Any CPU
		{D8957858-EA28-4299-AD34-84A528E1BD83}.Release|Any CPU.ActiveCfg = Release|Any CPU
		{D8957858-EA28-4299-AD34-84A528E1BD83}.Release|Any CPU.Build.0 = Release|Any CPU
		{FDB590D6-F158-461E-9D18-42884CB8F74B}.Debug|Any CPU.ActiveCfg = Debug|Any CPU
		{FDB590D6-F158-461E-9D18-42884CB8F74B}.Debug|Any CPU.Build.0 = Debug|Any CPU
		{FDB590D6-F158-461E-9D18-42884CB8F74B}.Release|Any CPU.ActiveCfg = Release|Any CPU
		{FDB590D6-F158-461E-9D18-42884CB8F74B}.Release|Any CPU.Build.0 = Release|Any CPU
		{BD91A8D5-BFB7-4B5F-A095-72A82135B7A6}.Debug|Any CPU.ActiveCfg = Debug|Any CPU
		{BD91A8D5-BFB7-4B5F-A095-72A82135B7A6}.Debug|Any CPU.Build.0 = Debug|Any CPU
		{BD91A8D5-BFB7-4B5F-A095-72A82135B7A6}.Release|Any CPU.ActiveCfg = Release|Any CPU
		{BD91A8D5-BFB7-4B5F-A095-72A82135B7A6}.Release|Any CPU.Build.0 = Release|Any CPU
		{6A99B4C3-B621-4826-9823-01656BB2B855}.Debug|Any CPU.ActiveCfg = Debug|Any CPU
		{6A99B4C3-B621-4826-9823-01656BB2B855}.Debug|Any CPU.Build.0 = Debug|Any CPU
		{6A99B4C3-B621-4826-9823-01656BB2B855}.Release|Any CPU.ActiveCfg = Release|Any CPU
		{6A99B4C3-B621-4826-9823-01656BB2B855}.Release|Any CPU.Build.0 = Release|Any CPU
	EndGlobalSection
	GlobalSection(SolutionProperties) = preSolution
		HideSolutionNode = FALSE
	EndGlobalSection
	GlobalSection(NestedProjects) = preSolution
		{0D118269-E02C-4B18-BFF8-CBDA0D1FF3CD} = {80E4B311-731D-4B09-B0AF-2B0C48E7442F}
		{F22D30CA-F989-4235-9ED2-3DE4D86D38EB} = {80E4B311-731D-4B09-B0AF-2B0C48E7442F}
		{1657E8FF-8204-41A8-B43F-5FA4E518FA1B} = {65A0C03D-0E76-46FD-AC06-D031D7271DCB}
		{519DB740-4628-4817-A590-FC6904C70DE3} = {80E4B311-731D-4B09-B0AF-2B0C48E7442F}
		{80E4B311-731D-4B09-B0AF-2B0C48E7442F} = {65A0C03D-0E76-46FD-AC06-D031D7271DCB}
		{79C6D3BA-89FD-4FAF-AA35-5F77FBF9C0B8} = {768E65F1-85E8-4AAD-AEBA-EB43B978F555}
		{D8957858-EA28-4299-AD34-84A528E1BD83} = {1657E8FF-8204-41A8-B43F-5FA4E518FA1B}
		{FDB590D6-F158-461E-9D18-42884CB8F74B} = {1657E8FF-8204-41A8-B43F-5FA4E518FA1B}
		{6A99B4C3-B621-4826-9823-01656BB2B855} = {1657E8FF-8204-41A8-B43F-5FA4E518FA1B}
	EndGlobalSection
	GlobalSection(ExtensibilityGlobals) = postSolution
		SolutionGuid = {7B6025CF-38B6-4390-8C05-9E134BB37E6E}
	EndGlobalSection
EndGlobal
