
Microsoft Visual Studio Solution File, Format Version 12.00
# Visual Studio Version 17
VisualStudioVersion = 17.2.32526.322
MinimumVisualStudioVersion = 10.0.40219.1
Project("{2150E333-8FDC-42A3-9474-1A3956D46DE8}") = "src", "src", "{65A0C03D-0E76-46FD-AC06-D031D7271DCB}"
EndProject
Project("{9A19103F-16F7-4668-BE54-9A1E7A4F7556}") = "Domain", "src\Libraries\Domain\Domain.csproj", "{0D118269-E02C-4B18-BFF8-CBDA0D1FF3CD}"
EndProject
Project("{2150E333-8FDC-42A3-9474-1A3956D46DE8}") = "tests", "tests", "{768E65F1-85E8-4AAD-AEBA-EB43B978F555}"
EndProject
Project("{9A19103F-16F7-4668-BE54-9A1E7A4F7556}") = "Domain.UnitTests", "tests\Domain.UnitTests\Domain.UnitTests.csproj", "{5C1E662F-66BE-4F78-98EF-7E73DA7C8CC6}"
EndProject
Project("{9A19103F-16F7-4668-BE54-9A1E7A4F7556}") = "Application", "src\Libraries\Application\Application.csproj", "{F22D30CA-F989-4235-9ED2-3DE4D86D38EB}"
EndProject
Project("{2150E333-8FDC-42A3-9474-1A3956D46DE8}") = "Presentations", "Presentations", "{1657E8FF-8204-41A8-B43F-5FA4E518FA1B}"
EndProject
Project("{9A19103F-16F7-4668-BE54-9A1E7A4F7556}") = "Admin.Api", "src\Presentations\Admin.Api\Admin.Api.csproj", "{C2E790A1-39F7-4D42-A513-F4E93631ABA0}"
EndProject
Project("{9A19103F-16F7-4668-BE54-9A1E7A4F7556}") = "Infrastructure", "src\Libraries\Infrastructure\Infrastructure.csproj", "{519DB740-4628-4817-A590-FC6904C70DE3}"
EndProject
Project("{9A19103F-16F7-4668-BE54-9A1E7A4F7556}") = "Infrastructure.UnitTests", "tests\Infrastructure.UnitTests\Infrastructure.UnitTests.csproj", "{7B4607AA-AD45-4139-85E3-D6EB224B1A99}"
EndProject
Project("{9A19103F-16F7-4668-BE54-9A1E7A4F7556}") = "Application.UnitTests", "tests\Application.UnitTests\Application.UnitTests.csproj", "{54FA9F91-F672-46D8-ADB2-899DD9498959}"
EndProject
Project("{9A19103F-16F7-4668-BE54-9A1E7A4F7556}") = "WebApi.Tests", "tests\WebApi.Tests\TestProject1\WebApi.Tests.csproj", "{4755A124-841B-4F96-93D6-7A2418526DAD}"
EndProject
Project("{9A19103F-16F7-4668-BE54-9A1E7A4F7556}") = "Desk.Api", "src\Presentations\Desk.Api\Desk.Api.csproj", "{16690216-D62E-4FF4-BFCB-5E2D0CD8E021}"
EndProject
Project("{9A19103F-16F7-4668-BE54-9A1E7A4F7556}") = "Board.Api", "src\Presentations\Core.Api\Board.Api.csproj", "{90707E72-DF6A-4D5B-BDD1-0366E353B791}"
EndProject
Project("{9A19103F-16F7-4668-BE54-9A1E7A4F7556}") = "Desk.WebUI", "src\Presentations\Desk.WebUI\Desk.WebUI.csproj", "{E4DFE766-D45F-42DE-A188-5733E057A913}"
EndProject
Project("{9A19103F-16F7-4668-BE54-9A1E7A4F7556}") = "Admin.WebUI", "src\Presentations\Admin.WebUI\Admin.WebUI.csproj", "{B7F5C5D2-3D29-47DD-95E2-FF552DAA7E31}"
EndProject
Project("{9A19103F-16F7-4668-BE54-9A1E7A4F7556}") = "Framework", "src\Presentations\Framework\Framework.csproj", "{60B2016A-3F3F-4533-9C29-720B728E3FA9}"
EndProject
Project("{2150E333-8FDC-42A3-9474-1A3956D46DE8}") = "Libraries", "Libraries", "{80E4B311-731D-4B09-B0AF-2B0C48E7442F}"
EndProject
Global
	GlobalSection(SolutionConfigurationPlatforms) = preSolution
		Debug|Any CPU = Debug|Any CPU
		Release|Any CPU = Release|Any CPU
	EndGlobalSection
	GlobalSection(ProjectConfigurationPlatforms) = postSolution
		{0D118269-E02C-4B18-BFF8-CBDA0D1FF3CD}.Debug|Any CPU.ActiveCfg = Debug|Any CPU
		{0D118269-E02C-4B18-BFF8-CBDA0D1FF3CD}.Debug|Any CPU.Build.0 = Debug|Any CPU
		{0D118269-E02C-4B18-BFF8-CBDA0D1FF3CD}.Release|Any CPU.ActiveCfg = Release|Any CPU
		{0D118269-E02C-4B18-BFF8-CBDA0D1FF3CD}.Release|Any CPU.Build.0 = Release|Any CPU
		{5C1E662F-66BE-4F78-98EF-7E73DA7C8CC6}.Debug|Any CPU.ActiveCfg = Debug|Any CPU
		{5C1E662F-66BE-4F78-98EF-7E73DA7C8CC6}.Debug|Any CPU.Build.0 = Debug|Any CPU
		{5C1E662F-66BE-4F78-98EF-7E73DA7C8CC6}.Release|Any CPU.ActiveCfg = Release|Any CPU
		{5C1E662F-66BE-4F78-98EF-7E73DA7C8CC6}.Release|Any CPU.Build.0 = Release|Any CPU
		{F22D30CA-F989-4235-9ED2-3DE4D86D38EB}.Debug|Any CPU.ActiveCfg = Debug|Any CPU
		{F22D30CA-F989-4235-9ED2-3DE4D86D38EB}.Debug|Any CPU.Build.0 = Debug|Any CPU
		{F22D30CA-F989-4235-9ED2-3DE4D86D38EB}.Release|Any CPU.ActiveCfg = Release|Any CPU
		{F22D30CA-F989-4235-9ED2-3DE4D86D38EB}.Release|Any CPU.Build.0 = Release|Any CPU
		{C2E790A1-39F7-4D42-A513-F4E93631ABA0}.Debug|Any CPU.ActiveCfg = Debug|Any CPU
		{C2E790A1-39F7-4D42-A513-F4E93631ABA0}.Debug|Any CPU.Build.0 = Debug|Any CPU
		{C2E790A1-39F7-4D42-A513-F4E93631ABA0}.Release|Any CPU.ActiveCfg = Release|Any CPU
		{C2E790A1-39F7-4D42-A513-F4E93631ABA0}.Release|Any CPU.Build.0 = Release|Any CPU
		{519DB740-4628-4817-A590-FC6904C70DE3}.Debug|Any CPU.ActiveCfg = Debug|Any CPU
		{519DB740-4628-4817-A590-FC6904C70DE3}.Debug|Any CPU.Build.0 = Debug|Any CPU
		{519DB740-4628-4817-A590-FC6904C70DE3}.Release|Any CPU.ActiveCfg = Release|Any CPU
		{519DB740-4628-4817-A590-FC6904C70DE3}.Release|Any CPU.Build.0 = Release|Any CPU
		{7B4607AA-AD45-4139-85E3-D6EB224B1A99}.Debug|Any CPU.ActiveCfg = Debug|Any CPU
		{7B4607AA-AD45-4139-85E3-D6EB224B1A99}.Debug|Any CPU.Build.0 = Debug|Any CPU
		{7B4607AA-AD45-4139-85E3-D6EB224B1A99}.Release|Any CPU.ActiveCfg = Release|Any CPU
		{7B4607AA-AD45-4139-85E3-D6EB224B1A99}.Release|Any CPU.Build.0 = Release|Any CPU
		{54FA9F91-F672-46D8-ADB2-899DD9498959}.Debug|Any CPU.ActiveCfg = Debug|Any CPU
		{54FA9F91-F672-46D8-ADB2-899DD9498959}.Debug|Any CPU.Build.0 = Debug|Any CPU
		{54FA9F91-F672-46D8-ADB2-899DD9498959}.Release|Any CPU.ActiveCfg = Release|Any CPU
		{54FA9F91-F672-46D8-ADB2-899DD9498959}.Release|Any CPU.Build.0 = Release|Any CPU
		{4755A124-841B-4F96-93D6-7A2418526DAD}.Debug|Any CPU.ActiveCfg = Debug|Any CPU
		{4755A124-841B-4F96-93D6-7A2418526DAD}.Debug|Any CPU.Build.0 = Debug|Any CPU
		{4755A124-841B-4F96-93D6-7A2418526DAD}.Release|Any CPU.ActiveCfg = Release|Any CPU
		{4755A124-841B-4F96-93D6-7A2418526DAD}.Release|Any CPU.Build.0 = Release|Any CPU
		{16690216-D62E-4FF4-BFCB-5E2D0CD8E021}.Debug|Any CPU.ActiveCfg = Debug|Any CPU
		{16690216-D62E-4FF4-BFCB-5E2D0CD8E021}.Debug|Any CPU.Build.0 = Debug|Any CPU
		{16690216-D62E-4FF4-BFCB-5E2D0CD8E021}.Release|Any CPU.ActiveCfg = Release|Any CPU
		{16690216-D62E-4FF4-BFCB-5E2D0CD8E021}.Release|Any CPU.Build.0 = Release|Any CPU
		{90707E72-DF6A-4D5B-BDD1-0366E353B791}.Debug|Any CPU.ActiveCfg = Debug|Any CPU
		{90707E72-DF6A-4D5B-BDD1-0366E353B791}.Debug|Any CPU.Build.0 = Debug|Any CPU
		{90707E72-DF6A-4D5B-BDD1-0366E353B791}.Release|Any CPU.ActiveCfg = Release|Any CPU
		{90707E72-DF6A-4D5B-BDD1-0366E353B791}.Release|Any CPU.Build.0 = Release|Any CPU
		{E4DFE766-D45F-42DE-A188-5733E057A913}.Debug|Any CPU.ActiveCfg = Debug|Any CPU
		{E4DFE766-D45F-42DE-A188-5733E057A913}.Debug|Any CPU.Build.0 = Debug|Any CPU
		{E4DFE766-D45F-42DE-A188-5733E057A913}.Release|Any CPU.ActiveCfg = Release|Any CPU
		{E4DFE766-D45F-42DE-A188-5733E057A913}.Release|Any CPU.Build.0 = Release|Any CPU
		{B7F5C5D2-3D29-47DD-95E2-FF552DAA7E31}.Debug|Any CPU.ActiveCfg = Debug|Any CPU
		{B7F5C5D2-3D29-47DD-95E2-FF552DAA7E31}.Debug|Any CPU.Build.0 = Debug|Any CPU
		{B7F5C5D2-3D29-47DD-95E2-FF552DAA7E31}.Release|Any CPU.ActiveCfg = Release|Any CPU
		{B7F5C5D2-3D29-47DD-95E2-FF552DAA7E31}.Release|Any CPU.Build.0 = Release|Any CPU
		{60B2016A-3F3F-4533-9C29-720B728E3FA9}.Debug|Any CPU.ActiveCfg = Debug|Any CPU
		{60B2016A-3F3F-4533-9C29-720B728E3FA9}.Debug|Any CPU.Build.0 = Debug|Any CPU
		{60B2016A-3F3F-4533-9C29-720B728E3FA9}.Release|Any CPU.ActiveCfg = Release|Any CPU
		{60B2016A-3F3F-4533-9C29-720B728E3FA9}.Release|Any CPU.Build.0 = Release|Any CPU
	EndGlobalSection
	GlobalSection(SolutionProperties) = preSolution
		HideSolutionNode = FALSE
	EndGlobalSection
	GlobalSection(NestedProjects) = preSolution
		{0D118269-E02C-4B18-BFF8-CBDA0D1FF3CD} = {80E4B311-731D-4B09-B0AF-2B0C48E7442F}
		{5C1E662F-66BE-4F78-98EF-7E73DA7C8CC6} = {768E65F1-85E8-4AAD-AEBA-EB43B978F555}
		{F22D30CA-F989-4235-9ED2-3DE4D86D38EB} = {80E4B311-731D-4B09-B0AF-2B0C48E7442F}
		{1657E8FF-8204-41A8-B43F-5FA4E518FA1B} = {65A0C03D-0E76-46FD-AC06-D031D7271DCB}
		{C2E790A1-39F7-4D42-A513-F4E93631ABA0} = {1657E8FF-8204-41A8-B43F-5FA4E518FA1B}
		{519DB740-4628-4817-A590-FC6904C70DE3} = {80E4B311-731D-4B09-B0AF-2B0C48E7442F}
		{7B4607AA-AD45-4139-85E3-D6EB224B1A99} = {768E65F1-85E8-4AAD-AEBA-EB43B978F555}
		{54FA9F91-F672-46D8-ADB2-899DD9498959} = {768E65F1-85E8-4AAD-AEBA-EB43B978F555}
		{4755A124-841B-4F96-93D6-7A2418526DAD} = {768E65F1-85E8-4AAD-AEBA-EB43B978F555}
		{16690216-D62E-4FF4-BFCB-5E2D0CD8E021} = {1657E8FF-8204-41A8-B43F-5FA4E518FA1B}
		{90707E72-DF6A-4D5B-BDD1-0366E353B791} = {1657E8FF-8204-41A8-B43F-5FA4E518FA1B}
		{E4DFE766-D45F-42DE-A188-5733E057A913} = {1657E8FF-8204-41A8-B43F-5FA4E518FA1B}
		{B7F5C5D2-3D29-47DD-95E2-FF552DAA7E31} = {1657E8FF-8204-41A8-B43F-5FA4E518FA1B}
		{60B2016A-3F3F-4533-9C29-720B728E3FA9} = {1657E8FF-8204-41A8-B43F-5FA4E518FA1B}
		{80E4B311-731D-4B09-B0AF-2B0C48E7442F} = {65A0C03D-0E76-46FD-AC06-D031D7271DCB}
	EndGlobalSection
	GlobalSection(ExtensibilityGlobals) = postSolution
		SolutionGuid = {7B6025CF-38B6-4390-8C05-9E134BB37E6E}
	EndGlobalSection
EndGlobal
